
Microsoft Visual Studio Solution File, Format Version 12.00
# Visual Studio Version 16
VisualStudioVersion = 16.0.30413.136
MinimumVisualStudioVersion = 10.0.40219.1
Project("{FAE04EC0-301F-11D3-BF4B-00C04F79EFBC}") = "AV_PD_v10", "AV_PD_v10.csproj", "{3EE91218-F456-439E-A8C6-10572C923692}"
EndProject
Global
	GlobalSection(SolutionConfigurationPlatforms) = preSolution
		Debug|Any CPU = Debug|Any CPU
		Release|Any CPU = Release|Any CPU
	EndGlobalSection
	GlobalSection(ProjectConfigurationPlatforms) = postSolution
		{3EE91218-F456-439E-A8C6-10572C923692}.Debug|Any CPU.ActiveCfg = Debug|Any CPU
		{3EE91218-F456-439E-A8C6-10572C923692}.Debug|Any CPU.Build.0 = Debug|Any CPU
		{3EE91218-F456-439E-A8C6-10572C923692}.Release|Any CPU.ActiveCfg = Release|Any CPU
		{3EE91218-F456-439E-A8C6-10572C923692}.Release|Any CPU.Build.0 = Release|Any CPU
	EndGlobalSection
	GlobalSection(SolutionProperties) = preSolution
		HideSolutionNode = FALSE
	EndGlobalSection
	GlobalSection(ExtensibilityGlobals) = postSolution
		SolutionGuid = {94804B85-CBA1-413F-BA08-7C0D67EBD2FB}
	EndGlobalSection
EndGlobal
